// !$*UTF8*$!
{
	archiveVersion = 1;
	classes = {
	};
	objectVersion = 46;
	objects = {

/* Begin PBXBuildFile section */
		5EE2AACC1EFD5F60001E3A9A /* AppDelegate.swift in Sources */ = {isa = PBXBuildFile; fileRef = 5EE2AACB1EFD5F60001E3A9A /* AppDelegate.swift */; };
		5EE2AACE1EFD5F60001E3A9A /* ViewController.swift in Sources */ = {isa = PBXBuildFile; fileRef = 5EE2AACD1EFD5F60001E3A9A /* ViewController.swift */; };
		5EE2AAD11EFD5F60001E3A9A /* Main.storyboard in Resources */ = {isa = PBXBuildFile; fileRef = 5EE2AACF1EFD5F60001E3A9A /* Main.storyboard */; };
		5EE2AAD31EFD5F60001E3A9A /* Assets.xcassets in Resources */ = {isa = PBXBuildFile; fileRef = 5EE2AAD21EFD5F60001E3A9A /* Assets.xcassets */; };
		5EE2AAD61EFD5F60001E3A9A /* LaunchScreen.storyboard in Resources */ = {isa = PBXBuildFile; fileRef = 5EE2AAD41EFD5F60001E3A9A /* LaunchScreen.storyboard */; };
		5EE2AADE1EFD7F46001E3A9A /* Watches.swift in Sources */ = {isa = PBXBuildFile; fileRef = 5EE2AADD1EFD7F46001E3A9A /* Watches.swift */; };
/* End PBXBuildFile section */

/* Begin PBXFileReference section */
		5EE2AAC81EFD5F60001E3A9A /* HomeWork4.app */ = {isa = PBXFileReference; explicitFileType = wrapper.application; includeInIndex = 0; path = HomeWork4.app; sourceTree = BUILT_PRODUCTS_DIR; };
		5EE2AACB1EFD5F60001E3A9A /* AppDelegate.swift */ = {isa = PBXFileReference; lastKnownFileType = sourcecode.swift; path = AppDelegate.swift; sourceTree = "<group>"; };
		5EE2AACD1EFD5F60001E3A9A /* ViewController.swift */ = {isa = PBXFileReference; lastKnownFileType = sourcecode.swift; path = ViewController.swift; sourceTree = "<group>"; };
		5EE2AAD01EFD5F60001E3A9A /* Base */ = {isa = PBXFileReference; lastKnownFileType = file.storyboard; name = Base; path = Base.lproj/Main.storyboard; sourceTree = "<group>"; };
		5EE2AAD21EFD5F60001E3A9A /* Assets.xcassets */ = {isa = PBXFileReference; lastKnownFileType = folder.assetcatalog; path = Assets.xcassets; sourceTree = "<group>"; };
		5EE2AAD51EFD5F60001E3A9A /* Base */ = {isa = PBXFileReference; lastKnownFileType = file.storyboard; name = Base; path = Base.lproj/LaunchScreen.storyboard; sourceTree = "<group>"; };
		5EE2AAD71EFD5F60001E3A9A /* Info.plist */ = {isa = PBXFileReference; lastKnownFileType = text.plist.xml; path = Info.plist; sourceTree = "<group>"; };
		5EE2AADD1EFD7F46001E3A9A /* Watches.swift */ = {isa = PBXFileReference; fileEncoding = 4; lastKnownFileType = sourcecode.swift; path = Watches.swift; sourceTree = "<group>"; };
/* End PBXFileReference section */

/* Begin PBXFrameworksBuildPhase section */
		5EE2AAC51EFD5F60001E3A9A /* Frameworks */ = {
			isa = PBXFrameworksBuildPhase;
			buildActionMask = 2147483647;
			files = (
			);
			runOnlyForDeploymentPostprocessing = 0;
		};
/* End PBXFrameworksBuildPhase section */

/* Begin PBXGroup section */
		5EE2AABF1EFD5F60001E3A9A = {
			isa = PBXGroup;
			children = (
				5EE2AACA1EFD5F60001E3A9A /* HomeWork4 */,
				5EE2AAC91EFD5F60001E3A9A /* Products */,
			);
			sourceTree = "<group>";
		};
		5EE2AAC91EFD5F60001E3A9A /* Products */ = {
			isa = PBXGroup;
			children = (
				5EE2AAC81EFD5F60001E3A9A /* HomeWork4.app */,
			);
			name = Products;
			sourceTree = "<group>";
		};
		5EE2AACA1EFD5F60001E3A9A /* HomeWork4 */ = {
			isa = PBXGroup;
			children = (
				5EE2AACB1EFD5F60001E3A9A /* AppDelegate.swift */,
				5EE2AACD1EFD5F60001E3A9A /* ViewController.swift */,
				5EE2AADD1EFD7F46001E3A9A /* Watches.swift */,
				5EE2AACF1EFD5F60001E3A9A /* Main.storyboard */,
				5EE2AAD21EFD5F60001E3A9A /* Assets.xcassets */,
				5EE2AAD41EFD5F60001E3A9A /* LaunchScreen.storyboard */,
				5EE2AAD71EFD5F60001E3A9A /* Info.plist */,
			);
			path = HomeWork4;
			sourceTree = "<group>";
		};
/* End PBXGroup section */

/* Begin PBXNativeTarget section */
		5EE2AAC71EFD5F60001E3A9A /* HomeWork4 */ = {
			isa = PBXNativeTarget;
			buildConfigurationList = 5EE2AADA1EFD5F60001E3A9A /* Build configuration list for PBXNativeTarget "HomeWork4" */;
			buildPhases = (
				5EE2AAC41EFD5F60001E3A9A /* Sources */,
				5EE2AAC51EFD5F60001E3A9A /* Frameworks */,
				5EE2AAC61EFD5F60001E3A9A /* Resources */,
			);
			buildRules = (
			);
			dependencies = (
			);
			name = HomeWork4;
			productName = HomeWork4;
			productReference = 5EE2AAC81EFD5F60001E3A9A /* HomeWork4.app */;
			productType = "com.apple.product-type.application";
		};
/* End PBXNativeTarget section */

/* Begin PBXProject section */
		5EE2AAC01EFD5F60001E3A9A /* Project object */ = {
			isa = PBXProject;
			attributes = {
				LastSwiftUpdateCheck = 0820;
				LastUpgradeCheck = 0820;
				ORGANIZATIONNAME = LIV;
				TargetAttributes = {
					5EE2AAC71EFD5F60001E3A9A = {
						CreatedOnToolsVersion = 8.2.1;
						DevelopmentTeam = 26QN646B83;
						ProvisioningStyle = Automatic;
					};
				};
			};
			buildConfigurationList = 5EE2AAC31EFD5F60001E3A9A /* Build configuration list for PBXProject "HomeWork4" */;
			compatibilityVersion = "Xcode 3.2";
			developmentRegion = English;
			hasScannedForEncodings = 0;
			knownRegions = (
				en,
				Base,
			);
			mainGroup = 5EE2AABF1EFD5F60001E3A9A;
			productRefGroup = 5EE2AAC91EFD5F60001E3A9A /* Products */;
			projectDirPath = "";
			projectRoot = "";
			targets = (
				5EE2AAC71EFD5F60001E3A9A /* HomeWork4 */,
			);
		};
/* End PBXProject section */

/* Begin PBXResourcesBuildPhase section */
		5EE2AAC61EFD5F60001E3A9A /* Resources */ = {
			isa = PBXResourcesBuildPhase;
			buildActionMask = 2147483647;
			files = (
				5EE2AAD61EFD5F60001E3A9A /* LaunchScreen.storyboard in Resources */,
				5EE2AAD31EFD5F60001E3A9A /* Assets.xcassets in Resources */,
				5EE2AAD11EFD5F60001E3A9A /* Main.storyboard in Resources */,
			);
			runOnlyForDeploymentPostprocessing = 0;
		};
/* End PBXResourcesBuildPhase section */

/* Begin PBXSourcesBuildPhase section */
		5EE2AAC41EFD5F60001E3A9A /* Sources */ = {
			isa = PBXSourcesBuildPhase;
			buildActionMask = 2147483647;
			files = (
				5EE2AADE1EFD7F46001E3A9A /* Watches.swift in Sources */,
				5EE2AACE1EFD5F60001E3A9A /* ViewController.swift in Sources */,
				5EE2AACC1EFD5F60001E3A9A /* AppDelegate.swift in Sources */,
			);
			runOnlyForDeploymentPostprocessing = 0;
		};
/* End PBXSourcesBuildPhase section */

/* Begin PBXVariantGroup section */
		5EE2AACF1EFD5F60001E3A9A /* Main.storyboard */ = {
			isa = PBXVariantGroup;
			children = (
				5EE2AAD01EFD5F60001E3A9A /* Base */,
			);
			name = Main.storyboard;
			sourceTree = "<group>";
		};
		5EE2AAD41EFD5F60001E3A9A /* LaunchScreen.storyboard */ = {
			isa = PBXVariantGroup;
			children = (
				5EE2AAD51EFD5F60001E3A9A /* Base */,
			);
			name = LaunchScreen.storyboard;
			sourceTree = "<group>";
		};
/* End PBXVariantGroup section */

/* Begin XCBuildConfiguration section */
		5EE2AAD81EFD5F60001E3A9A /* Debug */ = {
			isa = XCBuildConfiguration;
			buildSettings = {
				ALWAYS_SEARCH_USER_PATHS = NO;
				CLANG_ANALYZER_NONNULL = YES;
				CLANG_CXX_LANGUAGE_STANDARD = "gnu++0x";
				CLANG_CXX_LIBRARY = "libc++";
				CLANG_ENABLE_MODULES = YES;
				CLANG_ENABLE_OBJC_ARC = YES;
				CLANG_WARN_BOOL_CONVERSION = YES;
				CLANG_WARN_CONSTANT_CONVERSION = YES;
				CLANG_WARN_DIRECT_OBJC_ISA_USAGE = YES_ERROR;
				CLANG_WARN_DOCUMENTATION_COMMENTS = YES;
				CLANG_WARN_EMPTY_BODY = YES;
				CLANG_WARN_ENUM_CONVERSION = YES;
				CLANG_WARN_INFINITE_RECURSION = YES;
				CLANG_WARN_INT_CONVERSION = YES;
				CLANG_WARN_OBJC_ROOT_CLASS = YES_ERROR;
				CLANG_WARN_SUSPICIOUS_MOVE = YES;
				CLANG_WARN_UNREACHABLE_CODE = YES;
				CLANG_WARN__DUPLICATE_METHOD_MATCH = YES;
				"CODE_SIGN_IDENTITY[sdk=iphoneos*]" = "iPhone Developer";
				COPY_PHASE_STRIP = NO;
				DEBUG_INFORMATION_FORMAT = dwarf;
				ENABLE_STRICT_OBJC_MSGSEND = YES;
				ENABLE_TESTABILITY = YES;
				GCC_C_LANGUAGE_STANDARD = gnu99;
				GCC_DYNAMIC_NO_PIC = NO;
				GCC_NO_COMMON_BLOCKS = YES;
				GCC_OPTIMIZATION_LEVEL = 0;
				GCC_PREPROCESSOR_DEFINITIONS = (
					"DEBUG=1",
					"$(inherited)",
				);
				GCC_WARN_64_TO_32_BIT_CONVERSION = YES;
				GCC_WARN_ABOUT_RETURN_TYPE = YES_ERROR;
				GCC_WARN_UNDECLARED_SELECTOR = YES;
				GCC_WARN_UNINITIALIZED_AUTOS = YES_AGGRESSIVE;
				GCC_WARN_UNUSED_FUNCTION = YES;
				GCC_WARN_UNUSED_VARIABLE = YES;
				IPHONEOS_DEPLOYMENT_TARGET = 10.2;
				MTL_ENABLE_DEBUG_INFO = YES;
				ONLY_ACTIVE_ARCH = YES;
				SDKROOT = iphoneos;
				SWIFT_ACTIVE_COMPILATION_CONDITIONS = DEBUG;
				SWIFT_OPTIMIZATION_LEVEL = "-Onone";
			};
			name = Debug;
		};
		5EE2AAD91EFD5F60001E3A9A /* Release */ = {
			isa = XCBuildConfiguration;
			buildSettings = {
				ALWAYS_SEARCH_USER_PATHS = NO;
				CLANG_ANALYZER_NONNULL = YES;
				CLANG_CXX_LANGUAGE_STANDARD = "gnu++0x";
				CLANG_CXX_LIBRARY = "libc++";
				CLANG_ENABLE_MODULES = YES;
				CLANG_ENABLE_OBJC_ARC = YES;
				CLANG_WARN_BOOL_CONVERSION = YES;
				CLANG_WARN_CONSTANT_CONVERSION = YES;
				CLANG_WARN_DIRECT_OBJC_ISA_USAGE = YES_ERROR;
				CLANG_WARN_DOCUMENTATION_COMMENTS = YES;
				CLANG_WARN_EMPTY_BODY = YES;
				CLANG_WARN_ENUM_CONVERSION = YES;
				CLANG_WARN_INFINITE_RECURSION = YES;
				CLANG_WARN_INT_CONVERSION = YES;
				CLANG_WARN_OBJC_ROOT_CLASS = YES_ERROR;
				CLANG_WARN_SUSPICIOUS_MOVE = YES;
				CLANG_WARN_UNREACHABLE_CODE = YES;
				CLANG_WARN__DUPLICATE_METHOD_MATCH = YES;
				"CODE_SIGN_IDENTITY[sdk=iphoneos*]" = "iPhone Developer";
				COPY_PHASE_STRIP = NO;
				DEBUG_INFORMATION_FORMAT = "dwarf-with-dsym";
				ENABLE_NS_ASSERTIONS = NO;
				ENABLE_STRICT_OBJC_MSGSEND = YES;
				GCC_C_LANGUAGE_STANDARD = gnu99;
				GCC_NO_COMMON_BLOCKS = YES;
				GCC_WARN_64_TO_32_BIT_CONVERSION = YES;
				GCC_WARN_ABOUT_RETURN_TYPE = YES_ERROR;
				GCC_WARN_UNDECLARED_SELECTOR = YES;
				GCC_WARN_UNINITIALIZED_AUTOS = YES_AGGRESSIVE;
				GCC_WARN_UNUSED_FUNCTION = YES;
				GCC_WARN_UNUSED_VARIABLE = YES;
				IPHONEOS_DEPLOYMENT_TARGET = 10.2;
				MTL_ENABLE_DEBUG_INFO = NO;
				SDKROOT = iphoneos;
				SWIFT_OPTIMIZATION_LEVEL = "-Owholemodule";
				VALIDATE_PRODUCT = YES;
			};
			name = Release;
		};
		5EE2AADB1EFD5F60001E3A9A /* Debug */ = {
			isa = XCBuildConfiguration;
			buildSettings = {
				ASSETCATALOG_COMPILER_APPICON_NAME = AppIcon;
				DEVELOPMENT_TEAM = 26QN646B83;
				INFOPLIST_FILE = HomeWork4/Info.plist;
				LD_RUNPATH_SEARCH_PATHS = "$(inherited) @executable_path/Frameworks";
				PRODUCT_BUNDLE_IDENTIFIER = LIV.HomeWork4;
				PRODUCT_NAME = "$(TARGET_NAME)";
				SWIFT_VERSION = 3.0;
			};
			name = Debug;
		};
		5EE2AADC1EFD5F60001E3A9A /* Release */ = {
			isa = XCBuildConfiguration;
			buildSettings = {
				ASSETCATALOG_COMPILER_APPICON_NAME = AppIcon;
				DEVELOPMENT_TEAM = 26QN646B83;
				INFOPLIST_FILE = HomeWork4/Info.plist;
				LD_RUNPATH_SEARCH_PATHS = "$(inherited) @executable_path/Frameworks";
				PRODUCT_BUNDLE_IDENTIFIER = LIV.HomeWork4;
				PRODUCT_NAME = "$(TARGET_NAME)";
				SWIFT_VERSION = 3.0;
			};
			name = Release;
		};
/* End XCBuildConfiguration section */

/* Begin XCConfigurationList section */
		5EE2AAC31EFD5F60001E3A9A /* Build configuration list for PBXProject "HomeWork4" */ = {
			isa = XCConfigurationList;
			buildConfigurations = (
				5EE2AAD81EFD5F60001E3A9A /* Debug */,
				5EE2AAD91EFD5F60001E3A9A /* Release */,
			);
			defaultConfigurationIsVisible = 0;
			defaultConfigurationName = Release;
		};
		5EE2AADA1EFD5F60001E3A9A /* Build configuration list for PBXNativeTarget "HomeWork4" */ = {
			isa = XCConfigurationList;
			buildConfigurations = (
				5EE2AADB1EFD5F60001E3A9A /* Debug */,
				5EE2AADC1EFD5F60001E3A9A /* Release */,
			);
			defaultConfigurationIsVisible = 0;
		};
/* End XCConfigurationList section */
	};
	rootObject = 5EE2AAC01EFD5F60001E3A9A /* Project object */;
}
